
Microsoft Visual Studio Solution File, Format Version 12.00
# Visual Studio Version 17
VisualStudioVersion = 17.9.34728.123
MinimumVisualStudioVersion = 10.0.40219.1
Project("{FAE04EC0-301F-11D3-BF4B-00C04F79EFBC}") = "ProyectoVersion1", "ProyectoVersion1\ProyectoVersion1.csproj", "{8C340859-1779-484D-B37A-AA0CFE4718E1}"
EndProject
Global
	GlobalSection(SolutionConfigurationPlatforms) = preSolution
		Debug|Any CPU = Debug|Any CPU
		Release|Any CPU = Release|Any CPU
	EndGlobalSection
	GlobalSection(ProjectConfigurationPlatforms) = postSolution
		{8C340859-1779-484D-B37A-AA0CFE4718E1}.Debug|Any CPU.ActiveCfg = Debug|Any CPU
		{8C340859-1779-484D-B37A-AA0CFE4718E1}.Debug|Any CPU.Build.0 = Debug|Any CPU
		{8C340859-1779-484D-B37A-AA0CFE4718E1}.Release|Any CPU.ActiveCfg = Release|Any CPU
		{8C340859-1779-484D-B37A-AA0CFE4718E1}.Release|Any CPU.Build.0 = Release|Any CPU
	EndGlobalSection
	GlobalSection(SolutionProperties) = preSolution
		HideSolutionNode = FALSE
	EndGlobalSection
	GlobalSection(ExtensibilityGlobals) = postSolution
		SolutionGuid = {916BC97F-EF97-477E-8ACD-CA6C78966903}
	EndGlobalSection
EndGlobal
